Microsoft Visual Studio Solution File, Format Version 12.00
# Visual Studio 2013
VisualStudioVersion = 12.0.21005.1
MinimumVisualStudioVersion = 10.0.40219.1
Project("{FAE04EC0-301F-11D3-BF4B-00C04F79EFBC}") = "EK.Capture.Dicom.DicomToolKit", "EK.Capture.Dicom.DicomToolKit.csproj", "{A63467BB-E824-46AE-BE6E-98840716E16C}"
EndProject
Project("{2150E333-8FDC-42A3-9474-1A3956D46DE8}") = "Solution Items", "Solution Items", "{9D52E517-5C4C-45E1-869D-179F202CB400}"
EndProject
Project("{FAE04EC0-301F-11D3-BF4B-00C04F79EFBC}") = "DicomEditor", "..\Tools\DicomEditor\DicomEditor.csproj", "{CE78DC6A-B880-4E08-9F0D-6D87371F0EC6}"
EndProject
Project("{FAE04EC0-301F-11D3-BF4B-00C04F79EFBC}") = "DicomEcho", "..\Tools\DicomEcho\DicomEcho.csproj", "{33DD33D2-C510-4E6B-B083-F6E414FF3B23}"
EndProject
Project("{FAE04EC0-301F-11D3-BF4B-00C04F79EFBC}") = "DicomViewer", "..\Tools\DicomViewer\DicomViewer.csproj", "{B6B6B259-12A9-45FA-A806-8B7739D5D6E6}"
EndProject
Project("{FAE04EC0-301F-11D3-BF4B-00C04F79EFBC}") = "DicomTouch", "..\Tools\DicomTouch\DicomTouch.csproj", "{3FF78BEA-19A6-4947-9A2A-4EB4A00C95E7}"
EndProject
Project("{FAE04EC0-301F-11D3-BF4B-00C04F79EFBC}") = "DicomTags", "..\Tools\DicomTags\DicomTags.csproj", "{2CF357DF-F9AF-481E-A1E1-6F272ADF028C}"
EndProject
Project("{FAE04EC0-301F-11D3-BF4B-00C04F79EFBC}") = "EK.Capture.Dicom.DicomToolKit.Test", "Test\EK.Capture.Dicom.DicomToolKit.Test.csproj", "{78AF4907-2ADA-4C37-BB2A-06CAACCA733B}"
EndProject
Project("{FAE04EC0-301F-11D3-BF4B-00C04F79EFBC}") = "Dictionary", "..\Tools\Dictionary\Dictionary.csproj", "{7822EEAB-ACE9-4B1A-8B41-05E873F6715B}"
EndProject
Project("{FAE04EC0-301F-11D3-BF4B-00C04F79EFBC}") = "DicomDiff", "..\Tools\DicomDiff\DicomDiff.csproj", "{03B62135-9382-467E-9D54-0B4AD9658C48}"
EndProject
Project("{FAE04EC0-301F-11D3-BF4B-00C04F79EFBC}") = "DicomPipe", "..\Tools\DicomPipe\DicomPipe.csproj", "{78B73BB9-3DDE-4688-A8E0-39DE94BCE2DD}"
EndProject
Project("{FAE04EC0-301F-11D3-BF4B-00C04F79EFBC}") = "DicomQuery", "..\Tools\DicomQuery\DicomQuery.csproj", "{BFAC8999-3843-4660-A07F-65C42AD3133E}"
EndProject
Project("{FAE04EC0-301F-11D3-BF4B-00C04F79EFBC}") = "UnitTestDriver", "..\..\Imaging\Common\Tools\UnitTestDriver\UnitTestDriver.csproj", "{84A0E551-36F5-423C-BD74-20F50B15C69E}"
EndProject
Project("{FAE04EC0-301F-11D3-BF4B-00C04F79EFBC}") = "DicomEmpty", "..\Tools\DicomEmpty\DicomEmpty.csproj", "{D6F6DEA5-E3B6-43D5-992A-EF48EF36C630}"
EndProject
Project("{FAE04EC0-301F-11D3-BF4B-00C04F79EFBC}") = "DicomMwl", "..\Tools\DicomMwl\DicomMwl.csproj", "{6215C6F5-475A-4110-B1D3-0DAA31F17672}"
EndProject
Project("{FAE04EC0-301F-11D3-BF4B-00C04F79EFBC}") = "DicomExplorer", "..\Tools\DicomExplorer\DicomExplorer.csproj", "{5CFBC671-8C74-4E04-8BE1-300121FE853C}"
EndProject
Project("{FAE04EC0-301F-11D3-BF4B-00C04F79EFBC}") = "DicomRis", "..\Tools\DicomRis\DicomRis.csproj", "{F5890D1B-2CEF-4991-BEA5-9A2295C3B15A}"
EndProject
Project("{FAE04EC0-301F-11D3-BF4B-00C04F79EFBC}") = "ExtendedListViews", "..\Tools\ExtendedListViews\ExtendedListViews.csproj", "{36202DE0-590A-43D4-A99D-55412CAD71C8}"
EndProject
Project("{FAE04EC0-301F-11D3-BF4B-00C04F79EFBC}") = "TinyPACS", "..\Tools\ExtendedListViews\ExtendedListTest\TinyPACS.csproj", "{CFD0497E-947C-4DE2-8AC0-9C620B55A1E4}"
EndProject
Global
	GlobalSection(SolutionConfigurationPlatforms) = preSolution
		Debug|Any CPU = Debug|Any CPU
		Debug|Mixed Platforms = Debug|Mixed Platforms
		Debug|Win32 = Debug|Win32
		Debug|x64 = Debug|x64
		Debug|x86 = Debug|x86
		Release|Any CPU = Release|Any CPU
		Release|Mixed Platforms = Release|Mixed Platforms
		Release|Win32 = Release|Win32
		Release|x64 = Release|x64
		Release|x86 = Release|x86
	EndGlobalSection
	GlobalSection(ProjectConfigurationPlatforms) = postSolution
		{A63467BB-E824-46AE-BE6E-98840716E16C}.Debug|Any CPU.ActiveCfg = Debug|Any CPU
		{A63467BB-E824-46AE-BE6E-98840716E16C}.Debug|Any CPU.Build.0 = Debug|Any CPU
		{A63467BB-E824-46AE-BE6E-98840716E16C}.Debug|Mixed Platforms.ActiveCfg = Debug|x64
		{A63467BB-E824-46AE-BE6E-98840716E16C}.Debug|Mixed Platforms.Build.0 = Debug|x64
		{A63467BB-E824-46AE-BE6E-98840716E16C}.Debug|Win32.ActiveCfg = Debug|x64
		{A63467BB-E824-46AE-BE6E-98840716E16C}.Debug|x64.ActiveCfg = Debug|x64
		{A63467BB-E824-46AE-BE6E-98840716E16C}.Debug|x64.Build.0 = Debug|x64
		{A63467BB-E824-46AE-BE6E-98840716E16C}.Debug|x86.ActiveCfg = Debug|x64
		{A63467BB-E824-46AE-BE6E-98840716E16C}.Release|Any CPU.ActiveCfg = Release|Any CPU
		{A63467BB-E824-46AE-BE6E-98840716E16C}.Release|Any CPU.Build.0 = Release|Any CPU
		{A63467BB-E824-46AE-BE6E-98840716E16C}.Release|Mixed Platforms.ActiveCfg = Release|x64
		{A63467BB-E824-46AE-BE6E-98840716E16C}.Release|Mixed Platforms.Build.0 = Release|x64
		{A63467BB-E824-46AE-BE6E-98840716E16C}.Release|Win32.ActiveCfg = Release|x64
		{A63467BB-E824-46AE-BE6E-98840716E16C}.Release|x64.ActiveCfg = Release|x64
		{A63467BB-E824-46AE-BE6E-98840716E16C}.Release|x64.Build.0 = Release|x64
		{A63467BB-E824-46AE-BE6E-98840716E16C}.Release|x86.ActiveCfg = Release|x64
		{CE78DC6A-B880-4E08-9F0D-6D87371F0EC6}.Debug|Any CPU.ActiveCfg = Debug|Any CPU
		{CE78DC6A-B880-4E08-9F0D-6D87371F0EC6}.Debug|Any CPU.Build.0 = Debug|Any CPU
		{CE78DC6A-B880-4E08-9F0D-6D87371F0EC6}.Debug|Mixed Platforms.ActiveCfg = Debug|x64
		{CE78DC6A-B880-4E08-9F0D-6D87371F0EC6}.Debug|Mixed Platforms.Build.0 = Debug|x64
		{CE78DC6A-B880-4E08-9F0D-6D87371F0EC6}.Debug|Win32.ActiveCfg = Debug|x64
		{CE78DC6A-B880-4E08-9F0D-6D87371F0EC6}.Debug|x64.ActiveCfg = Debug|x64
		{CE78DC6A-B880-4E08-9F0D-6D87371F0EC6}.Debug|x64.Build.0 = Debug|x64
		{CE78DC6A-B880-4E08-9F0D-6D87371F0EC6}.Debug|x86.ActiveCfg = Debug|x64
		{CE78DC6A-B880-4E08-9F0D-6D87371F0EC6}.Release|Any CPU.ActiveCfg = Release|Any CPU
		{CE78DC6A-B880-4E08-9F0D-6D87371F0EC6}.Release|Any CPU.Build.0 = Release|Any CPU
		{CE78DC6A-B880-4E08-9F0D-6D87371F0EC6}.Release|Mixed Platforms.ActiveCfg = Release|x64
		{CE78DC6A-B880-4E08-9F0D-6D87371F0EC6}.Release|Mixed Platforms.Build.0 = Release|x64
		{CE78DC6A-B880-4E08-9F0D-6D87371F0EC6}.Release|Win32.ActiveCfg = Release|x64
		{CE78DC6A-B880-4E08-9F0D-6D87371F0EC6}.Release|x64.ActiveCfg = Release|x64
		{CE78DC6A-B880-4E08-9F0D-6D87371F0EC6}.Release|x64.Build.0 = Release|x64
		{CE78DC6A-B880-4E08-9F0D-6D87371F0EC6}.Release|x86.ActiveCfg = Release|x64
		{33DD33D2-C510-4E6B-B083-F6E414FF3B23}.Debug|Any CPU.ActiveCfg = Debug|Any CPU
		{33DD33D2-C510-4E6B-B083-F6E414FF3B23}.Debug|Any CPU.Build.0 = Debug|Any CPU
		{33DD33D2-C510-4E6B-B083-F6E414FF3B23}.Debug|Mixed Platforms.ActiveCfg = Debug|x64
		{33DD33D2-C510-4E6B-B083-F6E414FF3B23}.Debug|Mixed Platforms.Build.0 = Debug|x64
		{33DD33D2-C510-4E6B-B083-F6E414FF3B23}.Debug|Win32.ActiveCfg = Debug|x64
		{33DD33D2-C510-4E6B-B083-F6E414FF3B23}.Debug|x64.ActiveCfg = Debug|x64
		{33DD33D2-C510-4E6B-B083-F6E414FF3B23}.Debug|x64.Build.0 = Debug|x64
		{33DD33D2-C510-4E6B-B083-F6E414FF3B23}.Debug|x86.ActiveCfg = Debug|x64
		{33DD33D2-C510-4E6B-B083-F6E414FF3B23}.Release|Any CPU.ActiveCfg = Release|Any CPU
		{33DD33D2-C510-4E6B-B083-F6E414FF3B23}.Release|Any CPU.Build.0 = Release|Any CPU
		{33DD33D2-C510-4E6B-B083-F6E414FF3B23}.Release|Mixed Platforms.ActiveCfg = Release|x64
		{33DD33D2-C510-4E6B-B083-F6E414FF3B23}.Release|Mixed Platforms.Build.0 = Release|x64
		{33DD33D2-C510-4E6B-B083-F6E414FF3B23}.Release|Win32.ActiveCfg = Release|x64
		{33DD33D2-C510-4E6B-B083-F6E414FF3B23}.Release|x64.ActiveCfg = Release|x64
		{33DD33D2-C510-4E6B-B083-F6E414FF3B23}.Release|x64.Build.0 = Release|x64
		{33DD33D2-C510-4E6B-B083-F6E414FF3B23}.Release|x86.ActiveCfg = Release|x64
		{B6B6B259-12A9-45FA-A806-8B7739D5D6E6}.Debug|Any CPU.ActiveCfg = Debug|Any CPU
		{B6B6B259-12A9-45FA-A806-8B7739D5D6E6}.Debug|Any CPU.Build.0 = Debug|Any CPU
		{B6B6B259-12A9-45FA-A806-8B7739D5D6E6}.Debug|Mixed Platforms.ActiveCfg = Debug|x64
		{B6B6B259-12A9-45FA-A806-8B7739D5D6E6}.Debug|Mixed Platforms.Build.0 = Debug|x64
		{B6B6B259-12A9-45FA-A806-8B7739D5D6E6}.Debug|Win32.ActiveCfg = Debug|x64
		{B6B6B259-12A9-45FA-A806-8B7739D5D6E6}.Debug|x64.ActiveCfg = Debug|x64
		{B6B6B259-12A9-45FA-A806-8B7739D5D6E6}.Debug|x64.Build.0 = Debug|x64
		{B6B6B259-12A9-45FA-A806-8B7739D5D6E6}.Debug|x86.ActiveCfg = Debug|x64
		{B6B6B259-12A9-45FA-A806-8B7739D5D6E6}.Release|Any CPU.ActiveCfg = Release|Any CPU
		{B6B6B259-12A9-45FA-A806-8B7739D5D6E6}.Release|Any CPU.Build.0 = Release|Any CPU
		{B6B6B259-12A9-45FA-A806-8B7739D5D6E6}.Release|Mixed Platforms.ActiveCfg = Release|x64
		{B6B6B259-12A9-45FA-A806-8B7739D5D6E6}.Release|Mixed Platforms.Build.0 = Release|x64
		{B6B6B259-12A9-45FA-A806-8B7739D5D6E6}.Release|Win32.ActiveCfg = Release|x64
		{B6B6B259-12A9-45FA-A806-8B7739D5D6E6}.Release|x64.ActiveCfg = Release|x64
		{B6B6B259-12A9-45FA-A806-8B7739D5D6E6}.Release|x64.Build.0 = Release|x64
		{B6B6B259-12A9-45FA-A806-8B7739D5D6E6}.Release|x86.ActiveCfg = Release|x64
		{3FF78BEA-19A6-4947-9A2A-4EB4A00C95E7}.Debug|Any CPU.ActiveCfg = Debug|Any CPU
		{3FF78BEA-19A6-4947-9A2A-4EB4A00C95E7}.Debug|Any CPU.Build.0 = Debug|Any CPU
		{3FF78BEA-19A6-4947-9A2A-4EB4A00C95E7}.Debug|Mixed Platforms.ActiveCfg = Debug|x64
		{3FF78BEA-19A6-4947-9A2A-4EB4A00C95E7}.Debug|Mixed Platforms.Build.0 = Debug|x64
		{3FF78BEA-19A6-4947-9A2A-4EB4A00C95E7}.Debug|Win32.ActiveCfg = Debug|x64
		{3FF78BEA-19A6-4947-9A2A-4EB4A00C95E7}.Debug|x64.ActiveCfg = Debug|x64
		{3FF78BEA-19A6-4947-9A2A-4EB4A00C95E7}.Debug|x64.Build.0 = Debug|x64
		{3FF78BEA-19A6-4947-9A2A-4EB4A00C95E7}.Debug|x86.ActiveCfg = Debug|x64
		{3FF78BEA-19A6-4947-9A2A-4EB4A00C95E7}.Release|Any CPU.ActiveCfg = Release|Any CPU
		{3FF78BEA-19A6-4947-9A2A-4EB4A00C95E7}.Release|Any CPU.Build.0 = Release|Any CPU
		{3FF78BEA-19A6-4947-9A2A-4EB4A00C95E7}.Release|Mixed Platforms.ActiveCfg = Release|x64
		{3FF78BEA-19A6-4947-9A2A-4EB4A00C95E7}.Release|Mixed Platforms.Build.0 = Release|x64
		{3FF78BEA-19A6-4947-9A2A-4EB4A00C95E7}.Release|Win32.ActiveCfg = Release|x64
		{3FF78BEA-19A6-4947-9A2A-4EB4A00C95E7}.Release|x64.ActiveCfg = Release|x64
		{3FF78BEA-19A6-4947-9A2A-4EB4A00C95E7}.Release|x64.Build.0 = Release|x64
		{3FF78BEA-19A6-4947-9A2A-4EB4A00C95E7}.Release|x86.ActiveCfg = Release|x64
		{2CF357DF-F9AF-481E-A1E1-6F272ADF028C}.Debug|Any CPU.ActiveCfg = Debug|Any CPU
		{2CF357DF-F9AF-481E-A1E1-6F272ADF028C}.Debug|Any CPU.Build.0 = Debug|Any CPU
		{2CF357DF-F9AF-481E-A1E1-6F272ADF028C}.Debug|Mixed Platforms.ActiveCfg = Debug|x64
		{2CF357DF-F9AF-481E-A1E1-6F272ADF028C}.Debug|Mixed Platforms.Build.0 = Debug|x64
		{2CF357DF-F9AF-481E-A1E1-6F272ADF028C}.Debug|Win32.ActiveCfg = Debug|x64
		{2CF357DF-F9AF-481E-A1E1-6F272ADF028C}.Debug|x64.ActiveCfg = Debug|x64
		{2CF357DF-F9AF-481E-A1E1-6F272ADF028C}.Debug|x64.Build.0 = Debug|x64
		{2CF357DF-F9AF-481E-A1E1-6F272ADF028C}.Debug|x86.ActiveCfg = Debug|x64
		{2CF357DF-F9AF-481E-A1E1-6F272ADF028C}.Release|Any CPU.ActiveCfg = Release|Any CPU
		{2CF357DF-F9AF-481E-A1E1-6F272ADF028C}.Release|Any CPU.Build.0 = Release|Any CPU
		{2CF357DF-F9AF-481E-A1E1-6F272ADF028C}.Release|Mixed Platforms.ActiveCfg = Release|x64
		{2CF357DF-F9AF-481E-A1E1-6F272ADF028C}.Release|Mixed Platforms.Build.0 = Release|x64
		{2CF357DF-F9AF-481E-A1E1-6F272ADF028C}.Release|Win32.ActiveCfg = Release|x64
		{2CF357DF-F9AF-481E-A1E1-6F272ADF028C}.Release|x64.ActiveCfg = Release|x64
		{2CF357DF-F9AF-481E-A1E1-6F272ADF028C}.Release|x64.Build.0 = Release|x64
		{2CF357DF-F9AF-481E-A1E1-6F272ADF028C}.Release|x86.ActiveCfg = Release|x64
		{78AF4907-2ADA-4C37-BB2A-06CAACCA733B}.Debug|Any CPU.ActiveCfg = Debug|Any CPU
		{78AF4907-2ADA-4C37-BB2A-06CAACCA733B}.Debug|Any CPU.Build.0 = Debug|Any CPU
		{78AF4907-2ADA-4C37-BB2A-06CAACCA733B}.Debug|Mixed Platforms.ActiveCfg = Debug|x64
		{78AF4907-2ADA-4C37-BB2A-06CAACCA733B}.Debug|Mixed Platforms.Build.0 = Debug|x64
		{78AF4907-2ADA-4C37-BB2A-06CAACCA733B}.Debug|Win32.ActiveCfg = Debug|x64
		{78AF4907-2ADA-4C37-BB2A-06CAACCA733B}.Debug|x64.ActiveCfg = Debug|x64
		{78AF4907-2ADA-4C37-BB2A-06CAACCA733B}.Debug|x64.Build.0 = Debug|x64
		{78AF4907-2ADA-4C37-BB2A-06CAACCA733B}.Debug|x86.ActiveCfg = Debug|x64
		{78AF4907-2ADA-4C37-BB2A-06CAACCA733B}.Release|Any CPU.ActiveCfg = Release|Any CPU
		{78AF4907-2ADA-4C37-BB2A-06CAACCA733B}.Release|Any CPU.Build.0 = Release|Any CPU
		{78AF4907-2ADA-4C37-BB2A-06CAACCA733B}.Release|Mixed Platforms.ActiveCfg = Release|x64
		{78AF4907-2ADA-4C37-BB2A-06CAACCA733B}.Release|Mixed Platforms.Build.0 = Release|x64
		{78AF4907-2ADA-4C37-BB2A-06CAACCA733B}.Release|Win32.ActiveCfg = Release|x64
		{78AF4907-2ADA-4C37-BB2A-06CAACCA733B}.Release|x64.ActiveCfg = Release|x64
		{78AF4907-2ADA-4C37-BB2A-06CAACCA733B}.Release|x64.Build.0 = Release|x64
		{78AF4907-2ADA-4C37-BB2A-06CAACCA733B}.Release|x86.ActiveCfg = Release|x64
		{7822EEAB-ACE9-4B1A-8B41-05E873F6715B}.Debug|Any CPU.ActiveCfg = Debug|Any CPU
		{7822EEAB-ACE9-4B1A-8B41-05E873F6715B}.Debug|Any CPU.Build.0 = Debug|Any CPU
		{7822EEAB-ACE9-4B1A-8B41-05E873F6715B}.Debug|Mixed Platforms.ActiveCfg = Debug|x64
		{7822EEAB-ACE9-4B1A-8B41-05E873F6715B}.Debug|Mixed Platforms.Build.0 = Debug|x64
		{7822EEAB-ACE9-4B1A-8B41-05E873F6715B}.Debug|Win32.ActiveCfg = Debug|x64
		{7822EEAB-ACE9-4B1A-8B41-05E873F6715B}.Debug|x64.ActiveCfg = Debug|x64
		{7822EEAB-ACE9-4B1A-8B41-05E873F6715B}.Debug|x64.Build.0 = Debug|x64
		{7822EEAB-ACE9-4B1A-8B41-05E873F6715B}.Debug|x86.ActiveCfg = Debug|x64
		{7822EEAB-ACE9-4B1A-8B41-05E873F6715B}.Release|Any CPU.ActiveCfg = Release|Any CPU
		{7822EEAB-ACE9-4B1A-8B41-05E873F6715B}.Release|Any CPU.Build.0 = Release|Any CPU
		{7822EEAB-ACE9-4B1A-8B41-05E873F6715B}.Release|Mixed Platforms.ActiveCfg = Release|x64
		{7822EEAB-ACE9-4B1A-8B41-05E873F6715B}.Release|Mixed Platforms.Build.0 = Release|x64
		{7822EEAB-ACE9-4B1A-8B41-05E873F6715B}.Release|Win32.ActiveCfg = Release|x64
		{7822EEAB-ACE9-4B1A-8B41-05E873F6715B}.Release|x64.ActiveCfg = Release|x64
		{7822EEAB-ACE9-4B1A-8B41-05E873F6715B}.Release|x64.Build.0 = Release|x64
		{7822EEAB-ACE9-4B1A-8B41-05E873F6715B}.Release|x86.ActiveCfg = Release|x64
		{03B62135-9382-467E-9D54-0B4AD9658C48}.Debug|Any CPU.ActiveCfg = Debug|Any CPU
		{03B62135-9382-467E-9D54-0B4AD9658C48}.Debug|Any CPU.Build.0 = Debug|Any CPU
		{03B62135-9382-467E-9D54-0B4AD9658C48}.Debug|Mixed Platforms.ActiveCfg = Debug|x64
		{03B62135-9382-467E-9D54-0B4AD9658C48}.Debug|Mixed Platforms.Build.0 = Debug|x64
		{03B62135-9382-467E-9D54-0B4AD9658C48}.Debug|Win32.ActiveCfg = Debug|x64
		{03B62135-9382-467E-9D54-0B4AD9658C48}.Debug|x64.ActiveCfg = Debug|x64
		{03B62135-9382-467E-9D54-0B4AD9658C48}.Debug|x64.Build.0 = Debug|x64
		{03B62135-9382-467E-9D54-0B4AD9658C48}.Debug|x86.ActiveCfg = Debug|x64
		{03B62135-9382-467E-9D54-0B4AD9658C48}.Release|Any CPU.ActiveCfg = Release|Any CPU
		{03B62135-9382-467E-9D54-0B4AD9658C48}.Release|Any CPU.Build.0 = Release|Any CPU
		{03B62135-9382-467E-9D54-0B4AD9658C48}.Release|Mixed Platforms.ActiveCfg = Release|x64
		{03B62135-9382-467E-9D54-0B4AD9658C48}.Release|Mixed Platforms.Build.0 = Release|x64
		{03B62135-9382-467E-9D54-0B4AD9658C48}.Release|Win32.ActiveCfg = Release|x64
		{03B62135-9382-467E-9D54-0B4AD9658C48}.Release|x64.ActiveCfg = Release|x64
		{03B62135-9382-467E-9D54-0B4AD9658C48}.Release|x64.Build.0 = Release|x64
		{03B62135-9382-467E-9D54-0B4AD9658C48}.Release|x86.ActiveCfg = Release|x64
		{78B73BB9-3DDE-4688-A8E0-39DE94BCE2DD}.Debug|Any CPU.ActiveCfg = Debug|Any CPU
		{78B73BB9-3DDE-4688-A8E0-39DE94BCE2DD}.Debug|Any CPU.Build.0 = Debug|Any CPU
		{78B73BB9-3DDE-4688-A8E0-39DE94BCE2DD}.Debug|Mixed Platforms.ActiveCfg = Debug|x64
		{78B73BB9-3DDE-4688-A8E0-39DE94BCE2DD}.Debug|Mixed Platforms.Build.0 = Debug|x64
		{78B73BB9-3DDE-4688-A8E0-39DE94BCE2DD}.Debug|Win32.ActiveCfg = Debug|x64
		{78B73BB9-3DDE-4688-A8E0-39DE94BCE2DD}.Debug|x64.ActiveCfg = Debug|x64
		{78B73BB9-3DDE-4688-A8E0-39DE94BCE2DD}.Debug|x64.Build.0 = Debug|x64
		{78B73BB9-3DDE-4688-A8E0-39DE94BCE2DD}.Debug|x86.ActiveCfg = Debug|x64
		{78B73BB9-3DDE-4688-A8E0-39DE94BCE2DD}.Release|Any CPU.ActiveCfg = Release|Any CPU
		{78B73BB9-3DDE-4688-A8E0-39DE94BCE2DD}.Release|Any CPU.Build.0 = Release|Any CPU
		{78B73BB9-3DDE-4688-A8E0-39DE94BCE2DD}.Release|Mixed Platforms.ActiveCfg = Release|x64
		{78B73BB9-3DDE-4688-A8E0-39DE94BCE2DD}.Release|Mixed Platforms.Build.0 = Release|x64
		{78B73BB9-3DDE-4688-A8E0-39DE94BCE2DD}.Release|Win32.ActiveCfg = Release|x64
		{78B73BB9-3DDE-4688-A8E0-39DE94BCE2DD}.Release|x64.ActiveCfg = Release|x64
		{78B73BB9-3DDE-4688-A8E0-39DE94BCE2DD}.Release|x64.Build.0 = Release|x64
		{78B73BB9-3DDE-4688-A8E0-39DE94BCE2DD}.Release|x86.ActiveCfg = Release|x64
		{BFAC8999-3843-4660-A07F-65C42AD3133E}.Debug|Any CPU.ActiveCfg = Debug|Any CPU
		{BFAC8999-3843-4660-A07F-65C42AD3133E}.Debug|Any CPU.Build.0 = Debug|Any CPU
		{BFAC8999-3843-4660-A07F-65C42AD3133E}.Debug|Mixed Platforms.ActiveCfg = Debug|x64
		{BFAC8999-3843-4660-A07F-65C42AD3133E}.Debug|Mixed Platforms.Build.0 = Debug|x64
		{BFAC8999-3843-4660-A07F-65C42AD3133E}.Debug|Win32.ActiveCfg = Debug|x64
		{BFAC8999-3843-4660-A07F-65C42AD3133E}.Debug|x64.ActiveCfg = Debug|x64
		{BFAC8999-3843-4660-A07F-65C42AD3133E}.Debug|x64.Build.0 = Debug|x64
		{BFAC8999-3843-4660-A07F-65C42AD3133E}.Debug|x86.ActiveCfg = Debug|x64
		{BFAC8999-3843-4660-A07F-65C42AD3133E}.Release|Any CPU.ActiveCfg = Release|Any CPU
		{BFAC8999-3843-4660-A07F-65C42AD3133E}.Release|Any CPU.Build.0 = Release|Any CPU
		{BFAC8999-3843-4660-A07F-65C42AD3133E}.Release|Mixed Platforms.ActiveCfg = Release|x64
		{BFAC8999-3843-4660-A07F-65C42AD3133E}.Release|Mixed Platforms.Build.0 = Release|x64
		{BFAC8999-3843-4660-A07F-65C42AD3133E}.Release|Win32.ActiveCfg = Release|x64
		{BFAC8999-3843-4660-A07F-65C42AD3133E}.Release|x64.ActiveCfg = Release|x64
		{BFAC8999-3843-4660-A07F-65C42AD3133E}.Release|x64.Build.0 = Release|x64
		{BFAC8999-3843-4660-A07F-65C42AD3133E}.Release|x86.ActiveCfg = Release|x64
		{84A0E551-36F5-423C-BD74-20F50B15C69E}.Debug|Any CPU.ActiveCfg = Debug|Any CPU
		{84A0E551-36F5-423C-BD74-20F50B15C69E}.Debug|Any CPU.Build.0 = Debug|Any CPU
		{84A0E551-36F5-423C-BD74-20F50B15C69E}.Debug|Mixed Platforms.ActiveCfg = Debug|Any CPU
		{84A0E551-36F5-423C-BD74-20F50B15C69E}.Debug|Mixed Platforms.Build.0 = Debug|Any CPU
		{84A0E551-36F5-423C-BD74-20F50B15C69E}.Debug|Win32.ActiveCfg = Debug|Any CPU
		{84A0E551-36F5-423C-BD74-20F50B15C69E}.Debug|x64.ActiveCfg = Debug|x64
		{84A0E551-36F5-423C-BD74-20F50B15C69E}.Debug|x64.Build.0 = Debug|x64
		{84A0E551-36F5-423C-BD74-20F50B15C69E}.Debug|x86.ActiveCfg = Debug|x86
		{84A0E551-36F5-423C-BD74-20F50B15C69E}.Debug|x86.Build.0 = Debug|x86
		{84A0E551-36F5-423C-BD74-20F50B15C69E}.Release|Any CPU.ActiveCfg = Release|Any CPU
		{84A0E551-36F5-423C-BD74-20F50B15C69E}.Release|Any CPU.Build.0 = Release|Any CPU
		{84A0E551-36F5-423C-BD74-20F50B15C69E}.Release|Mixed Platforms.ActiveCfg = Release|Any CPU
		{84A0E551-36F5-423C-BD74-20F50B15C69E}.Release|Mixed Platforms.Build.0 = Release|Any CPU
		{84A0E551-36F5-423C-BD74-20F50B15C69E}.Release|Win32.ActiveCfg = Release|Any CPU
		{84A0E551-36F5-423C-BD74-20F50B15C69E}.Release|x64.ActiveCfg = Release|x64
		{84A0E551-36F5-423C-BD74-20F50B15C69E}.Release|x64.Build.0 = Release|x64
		{84A0E551-36F5-423C-BD74-20F50B15C69E}.Release|x86.ActiveCfg = Release|x86
		{84A0E551-36F5-423C-BD74-20F50B15C69E}.Release|x86.Build.0 = Release|x86
		{D6F6DEA5-E3B6-43D5-992A-EF48EF36C630}.Debug|Any CPU.ActiveCfg = Debug|Any CPU
		{D6F6DEA5-E3B6-43D5-992A-EF48EF36C630}.Debug|Any CPU.Build.0 = Debug|Any CPU
		{D6F6DEA5-E3B6-43D5-992A-EF48EF36C630}.Debug|Mixed Platforms.ActiveCfg = Debug|x64
		{D6F6DEA5-E3B6-43D5-992A-EF48EF36C630}.Debug|Mixed Platforms.Build.0 = Debug|x64
		{D6F6DEA5-E3B6-43D5-992A-EF48EF36C630}.Debug|Win32.ActiveCfg = Debug|x64
		{D6F6DEA5-E3B6-43D5-992A-EF48EF36C630}.Debug|x64.ActiveCfg = Debug|x64
		{D6F6DEA5-E3B6-43D5-992A-EF48EF36C630}.Debug|x64.Build.0 = Debug|x64
		{D6F6DEA5-E3B6-43D5-992A-EF48EF36C630}.Debug|x86.ActiveCfg = Debug|x86
		{D6F6DEA5-E3B6-43D5-992A-EF48EF36C630}.Debug|x86.Build.0 = Debug|x86
		{D6F6DEA5-E3B6-43D5-992A-EF48EF36C630}.Release|Any CPU.ActiveCfg = Release|Any CPU
		{D6F6DEA5-E3B6-43D5-992A-EF48EF36C630}.Release|Any CPU.Build.0 = Release|Any CPU
		{D6F6DEA5-E3B6-43D5-992A-EF48EF36C630}.Release|Mixed Platforms.ActiveCfg = Release|x64
		{D6F6DEA5-E3B6-43D5-992A-EF48EF36C630}.Release|Mixed Platforms.Build.0 = Release|x64
		{D6F6DEA5-E3B6-43D5-992A-EF48EF36C630}.Release|Win32.ActiveCfg = Release|x64
		{D6F6DEA5-E3B6-43D5-992A-EF48EF36C630}.Release|x64.ActiveCfg = Release|x64
		{D6F6DEA5-E3B6-43D5-992A-EF48EF36C630}.Release|x64.Build.0 = Release|x64
		{D6F6DEA5-E3B6-43D5-992A-EF48EF36C630}.Release|x86.ActiveCfg = Release|x86
		{D6F6DEA5-E3B6-43D5-992A-EF48EF36C630}.Release|x86.Build.0 = Release|x86
		{6215C6F5-475A-4110-B1D3-0DAA31F17672}.Debug|Any CPU.ActiveCfg = Debug|Any CPU
		{6215C6F5-475A-4110-B1D3-0DAA31F17672}.Debug|Any CPU.Build.0 = Debug|Any CPU
		{6215C6F5-475A-4110-B1D3-0DAA31F17672}.Debug|Mixed Platforms.ActiveCfg = Debug|x64
		{6215C6F5-475A-4110-B1D3-0DAA31F17672}.Debug|Mixed Platforms.Build.0 = Debug|x64
		{6215C6F5-475A-4110-B1D3-0DAA31F17672}.Debug|Win32.ActiveCfg = Debug|x64
		{6215C6F5-475A-4110-B1D3-0DAA31F17672}.Debug|x64.ActiveCfg = Debug|x64
		{6215C6F5-475A-4110-B1D3-0DAA31F17672}.Debug|x64.Build.0 = Debug|x64
		{6215C6F5-475A-4110-B1D3-0DAA31F17672}.Debug|x86.ActiveCfg = Debug|x64
		{6215C6F5-475A-4110-B1D3-0DAA31F17672}.Release|Any CPU.ActiveCfg = Release|Any CPU
		{6215C6F5-475A-4110-B1D3-0DAA31F17672}.Release|Any CPU.Build.0 = Release|Any CPU
		{6215C6F5-475A-4110-B1D3-0DAA31F17672}.Release|Mixed Platforms.ActiveCfg = Release|x64
		{6215C6F5-475A-4110-B1D3-0DAA31F17672}.Release|Mixed Platforms.Build.0 = Release|x64
		{6215C6F5-475A-4110-B1D3-0DAA31F17672}.Release|Win32.ActiveCfg = Release|x64
		{6215C6F5-475A-4110-B1D3-0DAA31F17672}.Release|x64.ActiveCfg = Release|x64
		{6215C6F5-475A-4110-B1D3-0DAA31F17672}.Release|x64.Build.0 = Release|x64
		{6215C6F5-475A-4110-B1D3-0DAA31F17672}.Release|x86.ActiveCfg = Release|x64
		{5CFBC671-8C74-4E04-8BE1-300121FE853C}.Debug|Any CPU.ActiveCfg = Debug|Any CPU
		{5CFBC671-8C74-4E04-8BE1-300121FE853C}.Debug|Any CPU.Build.0 = Debug|Any CPU
		{5CFBC671-8C74-4E04-8BE1-300121FE853C}.Debug|Mixed Platforms.ActiveCfg = Debug|Any CPU
		{5CFBC671-8C74-4E04-8BE1-300121FE853C}.Debug|Mixed Platforms.Build.0 = Debug|Any CPU
		{5CFBC671-8C74-4E04-8BE1-300121FE853C}.Debug|Win32.ActiveCfg = Debug|Any CPU
		{5CFBC671-8C74-4E04-8BE1-300121FE853C}.Debug|x64.ActiveCfg = Debug|x64
		{5CFBC671-8C74-4E04-8BE1-300121FE853C}.Debug|x64.Build.0 = Debug|x64
		{5CFBC671-8C74-4E04-8BE1-300121FE853C}.Debug|x86.ActiveCfg = Debug|x86
		{5CFBC671-8C74-4E04-8BE1-300121FE853C}.Debug|x86.Build.0 = Debug|x86
		{5CFBC671-8C74-4E04-8BE1-300121FE853C}.Release|Any CPU.ActiveCfg = Release|Any CPU
		{5CFBC671-8C74-4E04-8BE1-300121FE853C}.Release|Any CPU.Build.0 = Release|Any CPU
		{5CFBC671-8C74-4E04-8BE1-300121FE853C}.Release|Mixed Platforms.ActiveCfg = Release|Any CPU
		{5CFBC671-8C74-4E04-8BE1-300121FE853C}.Release|Mixed Platforms.Build.0 = Release|Any CPU
		{5CFBC671-8C74-4E04-8BE1-300121FE853C}.Release|Win32.ActiveCfg = Release|Any CPU
		{5CFBC671-8C74-4E04-8BE1-300121FE853C}.Release|x64.ActiveCfg = Release|x64
		{5CFBC671-8C74-4E04-8BE1-300121FE853C}.Release|x64.Build.0 = Release|x64
		{5CFBC671-8C74-4E04-8BE1-300121FE853C}.Release|x86.ActiveCfg = Release|x86
		{5CFBC671-8C74-4E04-8BE1-300121FE853C}.Release|x86.Build.0 = Release|x86
		{F5890D1B-2CEF-4991-BEA5-9A2295C3B15A}.Debug|Any CPU.ActiveCfg = Debug|Any CPU
		{F5890D1B-2CEF-4991-BEA5-9A2295C3B15A}.Debug|Any CPU.Build.0 = Debug|Any CPU
		{F5890D1B-2CEF-4991-BEA5-9A2295C3B15A}.Debug|Mixed Platforms.ActiveCfg = Debug|Any CPU
		{F5890D1B-2CEF-4991-BEA5-9A2295C3B15A}.Debug|Mixed Platforms.Build.0 = Debug|Any CPU
		{F5890D1B-2CEF-4991-BEA5-9A2295C3B15A}.Debug|Win32.ActiveCfg = Debug|Any CPU
		{F5890D1B-2CEF-4991-BEA5-9A2295C3B15A}.Debug|x64.ActiveCfg = Debug|x64
		{F5890D1B-2CEF-4991-BEA5-9A2295C3B15A}.Debug|x64.Build.0 = Debug|x64
		{F5890D1B-2CEF-4991-BEA5-9A2295C3B15A}.Debug|x86.ActiveCfg = Debug|x86
		{F5890D1B-2CEF-4991-BEA5-9A2295C3B15A}.Debug|x86.Build.0 = Debug|x86
		{F5890D1B-2CEF-4991-BEA5-9A2295C3B15A}.Release|Any CPU.ActiveCfg = Release|Any CPU
		{F5890D1B-2CEF-4991-BEA5-9A2295C3B15A}.Release|Any CPU.Build.0 = Release|Any CPU
		{F5890D1B-2CEF-4991-BEA5-9A2295C3B15A}.Release|Mixed Platforms.ActiveCfg = Release|Any CPU
		{F5890D1B-2CEF-4991-BEA5-9A2295C3B15A}.Release|Mixed Platforms.Build.0 = Release|Any CPU
		{F5890D1B-2CEF-4991-BEA5-9A2295C3B15A}.Release|Win32.ActiveCfg = Release|Any CPU
		{F5890D1B-2CEF-4991-BEA5-9A2295C3B15A}.Release|x64.ActiveCfg = Release|x64
		{F5890D1B-2CEF-4991-BEA5-9A2295C3B15A}.Release|x64.Build.0 = Release|x64
		{F5890D1B-2CEF-4991-BEA5-9A2295C3B15A}.Release|x86.ActiveCfg = Release|x86
		{F5890D1B-2CEF-4991-BEA5-9A2295C3B15A}.Release|x86.Build.0 = Release|x86
		{36202DE0-590A-43D4-A99D-55412CAD71C8}.Debug|Any CPU.ActiveCfg = Debug|Any CPU
		{36202DE0-590A-43D4-A99D-55412CAD71C8}.Debug|Any CPU.Build.0 = Debug|Any CPU
		{36202DE0-590A-43D4-A99D-55412CAD71C8}.Debug|Mixed Platforms.ActiveCfg = Debug|Any CPU
		{36202DE0-590A-43D4-A99D-55412CAD71C8}.Debug|Mixed Platforms.Build.0 = Debug|Any CPU
		{36202DE0-590A-43D4-A99D-55412CAD71C8}.Debug|Win32.ActiveCfg = Debug|Any CPU
		{36202DE0-590A-43D4-A99D-55412CAD71C8}.Debug|x64.ActiveCfg = Debug|Any CPU
		{36202DE0-590A-43D4-A99D-55412CAD71C8}.Debug|x86.ActiveCfg = Debug|Any CPU
		{36202DE0-590A-43D4-A99D-55412CAD71C8}.Release|Any CPU.ActiveCfg = Release|Any CPU
		{36202DE0-590A-43D4-A99D-55412CAD71C8}.Release|Any CPU.Build.0 = Release|Any CPU
		{36202DE0-590A-43D4-A99D-55412CAD71C8}.Release|Mixed Platforms.ActiveCfg = Release|Any CPU
		{36202DE0-590A-43D4-A99D-55412CAD71C8}.Release|Mixed Platforms.Build.0 = Release|Any CPU
		{36202DE0-590A-43D4-A99D-55412CAD71C8}.Release|Win32.ActiveCfg = Release|Any CPU
		{36202DE0-590A-43D4-A99D-55412CAD71C8}.Release|x64.ActiveCfg = Release|Any CPU
		{36202DE0-590A-43D4-A99D-55412CAD71C8}.Release|x86.ActiveCfg = Release|Any CPU
		{CFD0497E-947C-4DE2-8AC0-9C620B55A1E4}.Debug|Any CPU.ActiveCfg = Debug|Any CPU
		{CFD0497E-947C-4DE2-8AC0-9C620B55A1E4}.Debug|Any CPU.Build.0 = Debug|Any CPU
		{CFD0497E-947C-4DE2-8AC0-9C620B55A1E4}.Debug|Mixed Platforms.ActiveCfg = Debug|Any CPU
		{CFD0497E-947C-4DE2-8AC0-9C620B55A1E4}.Debug|Mixed Platforms.Build.0 = Debug|Any CPU
		{CFD0497E-947C-4DE2-8AC0-9C620B55A1E4}.Debug|Win32.ActiveCfg = Debug|Any CPU
		{CFD0497E-947C-4DE2-8AC0-9C620B55A1E4}.Debug|x64.ActiveCfg = Debug|Any CPU
		{CFD0497E-947C-4DE2-8AC0-9C620B55A1E4}.Debug|x86.ActiveCfg = Debug|Any CPU
		{CFD0497E-947C-4DE2-8AC0-9C620B55A1E4}.Release|Any CPU.ActiveCfg = Release|Any CPU
		{CFD0497E-947C-4DE2-8AC0-9C620B55A1E4}.Release|Any CPU.Build.0 = Release|Any CPU
		{CFD0497E-947C-4DE2-8AC0-9C620B55A1E4}.Release|Mixed Platforms.ActiveCfg = Release|Any CPU
		{CFD0497E-947C-4DE2-8AC0-9C620B55A1E4}.Release|Mixed Platforms.Build.0 = Release|Any CPU
		{CFD0497E-947C-4DE2-8AC0-9C620B55A1E4}.Release|Win32.ActiveCfg = Release|Any CPU
		{CFD0497E-947C-4DE2-8AC0-9C620B55A1E4}.Release|x64.ActiveCfg = Release|Any CPU
		{CFD0497E-947C-4DE2-8AC0-9C620B55A1E4}.Release|x86.ActiveCfg = Release|Any CPU
	EndGlobalSection
	GlobalSection(SolutionProperties) = preSolution
		HideSolutionNode = FALSE
	EndGlobalSection
	GlobalSection(RationalClearCase) = preSolution
		SourceControlProvider = RationalClearCase
	EndGlobalSection
EndGlobal
